<?xml version="1.0" encoding="utf-8"?>
<Project ToolsVersion="4.0" xmlns="http://schemas.microsoft.com/developer/msbuild/2003">
  <ItemGroup>
    <Filter Include="Source Files">
      <UniqueIdentifier>{4FC737F1-C7A5-4376-A066-2A32D752A2FF}</UniqueIdentifier>
      <Extensions>cpp;c;cc;cxx;def;odl;idl;hpj;bat;asm;asmx</Extensions>
    </Filter>
    <Filter Include="Header Files">
      <UniqueIdentifier>{93995380-89BD-4b04-88EB-625FBE52EBFB}</UniqueIdentifier>
      <Extensions>h;hh;hpp;hxx;hm;inl;inc;xsd</Extensions>
    </Filter>
    <Filter Include="Form Files">
      <UniqueIdentifier>{99349809-55BA-4b9d-BF79-8FDBB0286EB3}</UniqueIdentifier>
      <Extensions>ui</Extensions>
    </Filter>
    <Filter Include="Resource Files">
      <UniqueIdentifier>{D9D6E242-F8AF-46E4-B9FD-80ECBC20BA3E}</UniqueIdentifier>
      <Extensions>qrc;*</Extensions>
      <ParseFiles>false</ParseFiles>
    </Filter>
    <Filter Include="Generated Files">
      <UniqueIdentifier>{71ED8ED8-ACB9-4CE9-BBE1-E00B30144E11}</UniqueIdentifier>
      <Extensions>moc;h;cpp</Extensions>
      <SourceControlFiles>False</SourceControlFiles>
    </Filter>
    <Filter Include="Header Files\SystemVariable">
      <UniqueIdentifier>{62cd76f5-aa6a-4bb8-a630-ab27ff46b158}</UniqueIdentifier>
    </Filter>
    <Filter Include="Source Files\SystemVariable">
      <UniqueIdentifier>{d64d0461-074b-45b8-93fb-8f656d512b79}</UniqueIdentifier>
    </Filter>
    <Filter Include="Source Files\Etc">
      <UniqueIdentifier>{962fccfa-b35a-4f77-a24d-a87f54048181}</UniqueIdentifier>
    </Filter>
    <Filter Include="Header Files\Etc">
      <UniqueIdentifier>{cc2d15bb-a2c0-4a69-8e37-87b8bcf7410a}</UniqueIdentifier>
    </Filter>
    <Filter Include="Source Files\Function">
      <UniqueIdentifier>{a593dfe9-9846-49d4-9d4c-4ef965000213}</UniqueIdentifier>
    </Filter>
    <Filter Include="Header Files\Function">
      <UniqueIdentifier>{f3c97d5a-f022-4e98-99ae-e87dd033c636}</UniqueIdentifier>
    </Filter>
    <Filter Include="Source Files\Interface">
      <UniqueIdentifier>{6b89cafe-8e94-418a-b4f7-577e0b9a045d}</UniqueIdentifier>
    </Filter>
    <Filter Include="Header Files\Interface">
      <UniqueIdentifier>{36370664-8768-4306-9ce3-43810f7a1772}</UniqueIdentifier>
    </Filter>
    <Filter Include="Source Files\Widget">
      <UniqueIdentifier>{893f52b9-bc0b-4849-80c7-9e57bb2cbcf9}</UniqueIdentifier>
    </Filter>
    <Filter Include="Header Files\Widget">
      <UniqueIdentifier>{79849c85-b046-45a8-b1d8-72d5593956b6}</UniqueIdentifier>
    </Filter>
    <Filter Include="Header Files\Model">
      <UniqueIdentifier>{005096f2-dd09-47b6-9ed7-dd66746d4a0d}</UniqueIdentifier>
    </Filter>
    <Filter Include="Source Files\Model">
      <UniqueIdentifier>{81e6f54c-19f4-4a0b-b95b-aac5ed576d62}</UniqueIdentifier>
    </Filter>
  </ItemGroup>
  <ItemGroup>
    <ClCompile Include="main.cpp">
      <Filter>Source Files</Filter>
    </ClCompile>
    <ClCompile Include="SystemVariable.cpp">
      <Filter>Source Files\SystemVariable</Filter>
    </ClCompile>
    <ClCompile Include="stdafx.cpp">
      <Filter>Source Files\Etc</Filter>
    </ClCompile>
    <ClCompile Include="CheckVersion.cpp">
      <Filter>Source Files\Function</Filter>
    </ClCompile>
    <ClCompile Include="ExamClient.cpp">
      <Filter>Source Files\Interface</Filter>
    </ClCompile>
    <ClCompile Include="Login.cpp">
      <Filter>Source Files\Interface</Filter>
    </ClCompile>
    <ClCompile Include="Regist.cpp">
      <Filter>Source Files\Interface</Filter>
    </ClCompile>
    <ClCompile Include="LinkButton.cpp">
      <Filter>Source Files\Widget</Filter>
    </ClCompile>
    <ClCompile Include="SelectExercise.cpp">
      <Filter>Source Files\Interface</Filter>
    </ClCompile>
  </ItemGroup>
  <ItemGroup>
    <ClInclude Include="SystemVariable.h">
      <Filter>Header Files\SystemVariable</Filter>
    </ClInclude>
    <ClInclude Include="stdafx.h">
      <Filter>Header Files\Etc</Filter>
    </ClInclude>
  </ItemGroup>
  <ItemGroup>
    <QtMoc Include="ExamClient.h">
      <Filter>Header Files\Interface</Filter>
    </QtMoc>
    <QtMoc Include="CheckVersion.h">
      <Filter>Header Files\Function</Filter>
    </QtMoc>
    <QtMoc Include="LinkButton.h">
      <Filter>Header Files\Widget</Filter>
    </QtMoc>
    <QtMoc Include="Regist.h">
      <Filter>Header Files\Interface</Filter>
    </QtMoc>
    <QtMoc Include="Login.h">
      <Filter>Header Files\Interface</Filter>
    </QtMoc>
    <QtMoc Include="SelectExercise.h">
      <Filter>Header Files\Interface</Filter>
    </QtMoc>
  </ItemGroup>
</Project>